
Microsoft Visual Studio Solution File, Format Version 12.00
# Visual Studio Version 17
VisualStudioVersion = 17.4.33122.133
MinimumVisualStudioVersion = 10.0.40219.1
Project("{FAE04EC0-301F-11D3-BF4B-00C04F79EFBC}") = "CMS Web", "CMS Web\CMS Web.csproj", "{83FF9218-6EF5-48CD-AAB6-2602B1C99DC3}"
EndProject
Project("{FAE04EC0-301F-11D3-BF4B-00C04F79EFBC}") = "CMS Core", "CMS Core\CMS Core.csproj", "{87628904-6FC6-4D03-A65D-3A7FF6045535}"
EndProject
Project("{FAE04EC0-301F-11D3-BF4B-00C04F79EFBC}") = "CMS Infrastructure", "CMS Infrastructure\CMS Infrastructure.csproj", "{540287E9-692A-4CC1-B3D9-1314AC84FB9E}"
	ProjectSection(ProjectDependencies) = postProject
		{87628904-6FC6-4D03-A65D-3A7FF6045535} = {87628904-6FC6-4D03-A65D-3A7FF6045535}
	EndProjectSection
EndProject
Global
	GlobalSection(SolutionConfigurationPlatforms) = preSolution
		Debug|Any CPU = Debug|Any CPU
		Release|Any CPU = Release|Any CPU
	EndGlobalSection
	GlobalSection(ProjectConfigurationPlatforms) = postSolution
		{83FF9218-6EF5-48CD-AAB6-2602B1C99DC3}.Debug|Any CPU.ActiveCfg = Debug|Any CPU
		{83FF9218-6EF5-48CD-AAB6-2602B1C99DC3}.Debug|Any CPU.Build.0 = Debug|Any CPU
		{83FF9218-6EF5-48CD-AAB6-2602B1C99DC3}.Release|Any CPU.ActiveCfg = Release|Any CPU
		{83FF9218-6EF5-48CD-AAB6-2602B1C99DC3}.Release|Any CPU.Build.0 = Release|Any CPU
		{87628904-6FC6-4D03-A65D-3A7FF6045535}.Debug|Any CPU.ActiveCfg = Debug|Any CPU
		{87628904-6FC6-4D03-A65D-3A7FF6045535}.Debug|Any CPU.Build.0 = Debug|Any CPU
		{87628904-6FC6-4D03-A65D-3A7FF6045535}.Release|Any CPU.ActiveCfg = Release|Any CPU
		{87628904-6FC6-4D03-A65D-3A7FF6045535}.Release|Any CPU.Build.0 = Release|Any CPU
		{540287E9-692A-4CC1-B3D9-1314AC84FB9E}.Debug|Any CPU.ActiveCfg = Debug|Any CPU
		{540287E9-692A-4CC1-B3D9-1314AC84FB9E}.Debug|Any CPU.Build.0 = Debug|Any CPU
		{540287E9-692A-4CC1-B3D9-1314AC84FB9E}.Release|Any CPU.ActiveCfg = Release|Any CPU
		{540287E9-692A-4CC1-B3D9-1314AC84FB9E}.Release|Any CPU.Build.0 = Release|Any CPU
	EndGlobalSection
	GlobalSection(SolutionProperties) = preSolution
		HideSolutionNode = FALSE
	EndGlobalSection
	GlobalSection(ExtensibilityGlobals) = postSolution
		SolutionGuid = {66EEE88D-95DC-4374-899A-BC61CB160F78}
	EndGlobalSection
EndGlobal
